
Microsoft Visual Studio Solution File, Format Version 12.00
# Visual Studio Version 17
VisualStudioVersion = 17.7.34024.191
MinimumVisualStudioVersion = 10.0.40219.1
Project("{9A19103F-16F7-4668-BE54-9A1E7A4F7556}") = "DataAccess", "DataAccess\DataAccess.csproj", "{CC10A831-ED6E-47C3-9DE1-ECF6721D6AA7}"
EndProject
Project("{9A19103F-16F7-4668-BE54-9A1E7A4F7556}") = "BusinessObject", "BusinessObject\BusinessObject.csproj", "{E1ED9245-0ED6-4794-90CA-86F7B078E656}"
EndProject
Project("{9A19103F-16F7-4668-BE54-9A1E7A4F7556}") = "SalesWinApp", "SalesWinApp\SalesWinApp.csproj", "{C8083987-3295-434A-A6CA-D9678650F620}"
EndProject
Project("{2150E333-8FDC-42A3-9474-1A3956D46DE8}") = "Presentation Layer", "Presentation Layer", "{8200564A-394B-4569-ABE8-EFF000DDBD62}"
EndProject
Project("{2150E333-8FDC-42A3-9474-1A3956D46DE8}") = "Business Layer", "Business Layer", "{BD4DA199-82B1-4264-B7C9-417D80F650B3}"
EndProject
Project("{2150E333-8FDC-42A3-9474-1A3956D46DE8}") = "Data Layer", "Data Layer", "{4A357F1B-5CEE-4369-A413-9E82B581FE8F}"
EndProject
Global
	GlobalSection(SolutionConfigurationPlatforms) = preSolution
		Debug|Any CPU = Debug|Any CPU
		Release|Any CPU = Release|Any CPU
	EndGlobalSection
	GlobalSection(ProjectConfigurationPlatforms) = postSolution
		{CC10A831-ED6E-47C3-9DE1-ECF6721D6AA7}.Debug|Any CPU.ActiveCfg = Debug|Any CPU
		{CC10A831-ED6E-47C3-9DE1-ECF6721D6AA7}.Debug|Any CPU.Build.0 = Debug|Any CPU
		{CC10A831-ED6E-47C3-9DE1-ECF6721D6AA7}.Release|Any CPU.ActiveCfg = Release|Any CPU
		{CC10A831-ED6E-47C3-9DE1-ECF6721D6AA7}.Release|Any CPU.Build.0 = Release|Any CPU
		{E1ED9245-0ED6-4794-90CA-86F7B078E656}.Debug|Any CPU.ActiveCfg = Debug|Any CPU
		{E1ED9245-0ED6-4794-90CA-86F7B078E656}.Debug|Any CPU.Build.0 = Debug|Any CPU
		{E1ED9245-0ED6-4794-90CA-86F7B078E656}.Release|Any CPU.ActiveCfg = Release|Any CPU
		{E1ED9245-0ED6-4794-90CA-86F7B078E656}.Release|Any CPU.Build.0 = Release|Any CPU
		{C8083987-3295-434A-A6CA-D9678650F620}.Debug|Any CPU.ActiveCfg = Debug|Any CPU
		{C8083987-3295-434A-A6CA-D9678650F620}.Debug|Any CPU.Build.0 = Debug|Any CPU
		{C8083987-3295-434A-A6CA-D9678650F620}.Release|Any CPU.ActiveCfg = Release|Any CPU
		{C8083987-3295-434A-A6CA-D9678650F620}.Release|Any CPU.Build.0 = Release|Any CPU
	EndGlobalSection
	GlobalSection(SolutionProperties) = preSolution
		HideSolutionNode = FALSE
	EndGlobalSection
	GlobalSection(NestedProjects) = preSolution
		{CC10A831-ED6E-47C3-9DE1-ECF6721D6AA7} = {4A357F1B-5CEE-4369-A413-9E82B581FE8F}
		{E1ED9245-0ED6-4794-90CA-86F7B078E656} = {BD4DA199-82B1-4264-B7C9-417D80F650B3}
		{C8083987-3295-434A-A6CA-D9678650F620} = {8200564A-394B-4569-ABE8-EFF000DDBD62}
	EndGlobalSection
	GlobalSection(ExtensibilityGlobals) = postSolution
		SolutionGuid = {4DA20AEB-5A37-4EC5-BAA9-2BA9091E1886}
	EndGlobalSection
EndGlobal
